// !$*UTF8*$!
{
	archiveVersion = 1;
	classes = {
	};
	objectVersion = 77;
	objects = {

/* Begin PBXBuildFile section */
		8EACE6592D8008CE008F82D8 /* Reusable in Frameworks */ = {isa = PBXBuildFile; productRef = 8EACE6582D8008CE008F82D8 /* Reusable */; };
		9765BBBAEAD3A589FFE2004D /* Pods_xcode_issueTests.framework in Frameworks */ = {isa = PBXBuildFile; fileRef = 10776F4333FAA15775970922 /* Pods_xcode_issueTests.framework */; };
		DDD652617C45BC43680A0B99 /* Pods_xcode_issue_xcode_issueUITests.framework in Frameworks */ = {isa = PBXBuildFile; fileRef = D46CABD5AAAA84A7B2725D73 /* Pods_xcode_issue_xcode_issueUITests.framework */; };
		E3F8CEF7FBE9A45AF885C8A4 /* Pods_xcode_issue.framework in Frameworks */ = {isa = PBXBuildFile; fileRef = 82BB15E223F720F48020C386 /* Pods_xcode_issue.framework */; };
/* End PBXBuildFile section */

/* Begin PBXContainerItemProxy section */
		8EACE60B2D8006CF008F82D8 /* PBXContainerItemProxy */ = {
			isa = PBXContainerItemProxy;
			containerPortal = 8EACE5EC2D8006CD008F82D8 /* Project object */;
			proxyType = 1;
			remoteGlobalIDString = 8EACE5F32D8006CD008F82D8;
			remoteInfo = xcode_issue;
		};
		8EACE6152D8006CF008F82D8 /* PBXContainerItemProxy */ = {
			isa = PBXContainerItemProxy;
			containerPortal = 8EACE5EC2D8006CD008F82D8 /* Project object */;
			proxyType = 1;
			remoteGlobalIDString = 8EACE5F32D8006CD008F82D8;
			remoteInfo = xcode_issue;
		};
/* End PBXContainerItemProxy section */

/* Begin PBXFileReference section */
		10776F4333FAA15775970922 /* Pods_xcode_issueTests.framework */ = {isa = PBXFileReference; explicitFileType = wrapper.framework; includeInIndex = 0; path = Pods_xcode_issueTests.framework; sourceTree = BUILT_PRODUCTS_DIR; };
		6DF8A34CD73626448D040DEC /* Pods-xcode_issueUITests.debug.xcconfig */ = {isa = PBXFileReference; includeInIndex = 1; lastKnownFileType = text.xcconfig; name = "Pods-xcode_issueUITests.debug.xcconfig"; path = "Target Support Files/Pods-xcode_issueUITests/Pods-xcode_issueUITests.debug.xcconfig"; sourceTree = "<group>"; };
		6F797045585BB94CA80F4080 /* Pods-xcode_issue.release.xcconfig */ = {isa = PBXFileReference; includeInIndex = 1; lastKnownFileType = text.xcconfig; name = "Pods-xcode_issue.release.xcconfig"; path = "Target Support Files/Pods-xcode_issue/Pods-xcode_issue.release.xcconfig"; sourceTree = "<group>"; };
		73632A2C989D239867EE6609 /* Pods-xcode_issue-xcode_issueUITests.release.xcconfig */ = {isa = PBXFileReference; includeInIndex = 1; lastKnownFileType = text.xcconfig; name = "Pods-xcode_issue-xcode_issueUITests.release.xcconfig"; path = "Target Support Files/Pods-xcode_issue-xcode_issueUITests/Pods-xcode_issue-xcode_issueUITests.release.xcconfig"; sourceTree = "<group>"; };
		82BB15E223F720F48020C386 /* Pods_xcode_issue.framework */ = {isa = PBXFileReference; explicitFileType = wrapper.framework; includeInIndex = 0; path = Pods_xcode_issue.framework; sourceTree = BUILT_PRODUCTS_DIR; };
		8EACE5F42D8006CD008F82D8 /* xcode_issue.app */ = {isa = PBXFileReference; explicitFileType = wrapper.application; includeInIndex = 0; path = xcode_issue.app; sourceTree = BUILT_PRODUCTS_DIR; };
		8EACE60A2D8006CF008F82D8 /* xcode_issueTests.xctest */ = {isa = PBXFileReference; explicitFileType = wrapper.cfbundle; includeInIndex = 0; path = xcode_issueTests.xctest; sourceTree = BUILT_PRODUCTS_DIR; };
		8EACE6142D8006CF008F82D8 /* xcode_issueUITests.xctest */ = {isa = PBXFileReference; explicitFileType = wrapper.cfbundle; includeInIndex = 0; path = xcode_issueUITests.xctest; sourceTree = BUILT_PRODUCTS_DIR; };
		A8FB407D7407302F8F7ADE95 /* Pods-xcode_issueTests.release.xcconfig */ = {isa = PBXFileReference; includeInIndex = 1; lastKnownFileType = text.xcconfig; name = "Pods-xcode_issueTests.release.xcconfig"; path = "Target Support Files/Pods-xcode_issueTests/Pods-xcode_issueTests.release.xcconfig"; sourceTree = "<group>"; };
		D46CABD5AAAA84A7B2725D73 /* Pods_xcode_issue_xcode_issueUITests.framework */ = {isa = PBXFileReference; explicitFileType = wrapper.framework; includeInIndex = 0; path = Pods_xcode_issue_xcode_issueUITests.framework; sourceTree = BUILT_PRODUCTS_DIR; };
		D812A4D1EE2E132457F6F37C /* Pods-xcode_issue.debug.xcconfig */ = {isa = PBXFileReference; includeInIndex = 1; lastKnownFileType = text.xcconfig; name = "Pods-xcode_issue.debug.xcconfig"; path = "Target Support Files/Pods-xcode_issue/Pods-xcode_issue.debug.xcconfig"; sourceTree = "<group>"; };
		DE9B709899F195D96E441643 /* Pods-xcode_issueUITests.release.xcconfig */ = {isa = PBXFileReference; includeInIndex = 1; lastKnownFileType = text.xcconfig; name = "Pods-xcode_issueUITests.release.xcconfig"; path = "Target Support Files/Pods-xcode_issueUITests/Pods-xcode_issueUITests.release.xcconfig"; sourceTree = "<group>"; };
		F5B5375B504AD865C17C74FD /* Pods-xcode_issue-xcode_issueUITests.debug.xcconfig */ = {isa = PBXFileReference; includeInIndex = 1; lastKnownFileType = text.xcconfig; name = "Pods-xcode_issue-xcode_issueUITests.debug.xcconfig"; path = "Target Support Files/Pods-xcode_issue-xcode_issueUITests/Pods-xcode_issue-xcode_issueUITests.debug.xcconfig"; sourceTree = "<group>"; };
		F6F9BCEF3E7EC28198647A13 /* Pods-xcode_issueTests.debug.xcconfig */ = {isa = PBXFileReference; includeInIndex = 1; lastKnownFileType = text.xcconfig; name = "Pods-xcode_issueTests.debug.xcconfig"; path = "Target Support Files/Pods-xcode_issueTests/Pods-xcode_issueTests.debug.xcconfig"; sourceTree = "<group>"; };
/* End PBXFileReference section */

/* Begin PBXFileSystemSynchronizedBuildFileExceptionSet section */
		8EACE61C2D8006CF008F82D8 /* Exceptions for "xcode_issue" folder in "xcode_issue" target */ = {
			isa = PBXFileSystemSynchronizedBuildFileExceptionSet;
			membershipExceptions = (
				Info.plist,
			);
			target = 8EACE5F32D8006CD008F82D8 /* xcode_issue */;
		};
/* End PBXFileSystemSynchronizedBuildFileExceptionSet section */

/* Begin PBXFileSystemSynchronizedRootGroup section */
		8EACE5F62D8006CD008F82D8 /* xcode_issue */ = {
			isa = PBXFileSystemSynchronizedRootGroup;
			exceptions = (
				8EACE61C2D8006CF008F82D8 /* Exceptions for "xcode_issue" folder in "xcode_issue" target */,
			);
			path = xcode_issue;
			sourceTree = "<group>";
		};
		8EACE60D2D8006CF008F82D8 /* xcode_issueTests */ = {
			isa = PBXFileSystemSynchronizedRootGroup;
			path = xcode_issueTests;
			sourceTree = "<group>";
		};
		8EACE6172D8006CF008F82D8 /* xcode_issueUITests */ = {
			isa = PBXFileSystemSynchronizedRootGroup;
			path = xcode_issueUITests;
			sourceTree = "<group>";
		};
/* End PBXFileSystemSynchronizedRootGroup section */

/* Begin PBXFrameworksBuildPhase section */
		8EACE5F12D8006CD008F82D8 /* Frameworks */ = {
			isa = PBXFrameworksBuildPhase;
			buildActionMask = 2147483647;
			files = (
				8EACE6592D8008CE008F82D8 /* Reusable in Frameworks */,
				E3F8CEF7FBE9A45AF885C8A4 /* Pods_xcode_issue.framework in Frameworks */,
			);
			runOnlyForDeploymentPostprocessing = 0;
		};
		8EACE6072D8006CF008F82D8 /* Frameworks */ = {
			isa = PBXFrameworksBuildPhase;
			buildActionMask = 2147483647;
			files = (
				9765BBBAEAD3A589FFE2004D /* Pods_xcode_issueTests.framework in Frameworks */,
			);
			runOnlyForDeploymentPostprocessing = 0;
		};
		8EACE6112D8006CF008F82D8 /* Frameworks */ = {
			isa = PBXFrameworksBuildPhase;
			buildActionMask = 2147483647;
			files = (
				DDD652617C45BC43680A0B99 /* Pods_xcode_issue_xcode_issueUITests.framework in Frameworks */,
			);
			runOnlyForDeploymentPostprocessing = 0;
		};
/* End PBXFrameworksBuildPhase section */

/* Begin PBXGroup section */
		8EACE5EB2D8006CD008F82D8 = {
			isa = PBXGroup;
			children = (
				8EACE5F62D8006CD008F82D8 /* xcode_issue */,
				8EACE60D2D8006CF008F82D8 /* xcode_issueTests */,
				8EACE6172D8006CF008F82D8 /* xcode_issueUITests */,
				8EACE5F52D8006CD008F82D8 /* Products */,
				E4EC0FEAA371F5928FF964A1 /* Pods */,
				C9939F24DFEDE47307054BB9 /* Frameworks */,
			);
			sourceTree = "<group>";
		};
		8EACE5F52D8006CD008F82D8 /* Products */ = {
			isa = PBXGroup;
			children = (
				8EACE5F42D8006CD008F82D8 /* xcode_issue.app */,
				8EACE60A2D8006CF008F82D8 /* xcode_issueTests.xctest */,
				8EACE6142D8006CF008F82D8 /* xcode_issueUITests.xctest */,
			);
			name = Products;
			sourceTree = "<group>";
		};
		C9939F24DFEDE47307054BB9 /* Frameworks */ = {
			isa = PBXGroup;
			children = (
				82BB15E223F720F48020C386 /* Pods_xcode_issue.framework */,
				10776F4333FAA15775970922 /* Pods_xcode_issueTests.framework */,
				D46CABD5AAAA84A7B2725D73 /* Pods_xcode_issue_xcode_issueUITests.framework */,
			);
			name = Frameworks;
			sourceTree = "<group>";
		};
		E4EC0FEAA371F5928FF964A1 /* Pods */ = {
			isa = PBXGroup;
			children = (
				D812A4D1EE2E132457F6F37C /* Pods-xcode_issue.debug.xcconfig */,
				6F797045585BB94CA80F4080 /* Pods-xcode_issue.release.xcconfig */,
				F5B5375B504AD865C17C74FD /* Pods-xcode_issue-xcode_issueUITests.debug.xcconfig */,
				73632A2C989D239867EE6609 /* Pods-xcode_issue-xcode_issueUITests.release.xcconfig */,
				F6F9BCEF3E7EC28198647A13 /* Pods-xcode_issueTests.debug.xcconfig */,
				A8FB407D7407302F8F7ADE95 /* Pods-xcode_issueTests.release.xcconfig */,
				6DF8A34CD73626448D040DEC /* Pods-xcode_issueUITests.debug.xcconfig */,
				DE9B709899F195D96E441643 /* Pods-xcode_issueUITests.release.xcconfig */,
			);
			path = Pods;
			sourceTree = "<group>";
		};
/* End PBXGroup section */

/* Begin PBXNativeTarget section */
		8EACE5F32D8006CD008F82D8 /* xcode_issue */ = {
			isa = PBXNativeTarget;
			buildConfigurationList = 8EACE61D2D8006CF008F82D8 /* Build configuration list for PBXNativeTarget "xcode_issue" */;
			buildPhases = (
				701EF3ACD7D8388E9CD0ACBF /* [CP] Check Pods Manifest.lock */,
				8EACE5F02D8006CD008F82D8 /* Sources */,
				8EACE5F12D8006CD008F82D8 /* Frameworks */,
				8EACE5F22D8006CD008F82D8 /* Resources */,
				279EC6221A99E4454AFF9F29 /* [CP] Embed Pods Frameworks */,
				BA24F5F90578C9F43C958304 /* [CP] Copy Pods Resources */,
			);
			buildRules = (
			);
			dependencies = (
			);
			fileSystemSynchronizedGroups = (
				8EACE5F62D8006CD008F82D8 /* xcode_issue */,
			);
			name = xcode_issue;
			packageProductDependencies = (
				8EACE6582D8008CE008F82D8 /* Reusable */,
			);
			productName = xcode_issue;
			productReference = 8EACE5F42D8006CD008F82D8 /* xcode_issue.app */;
			productType = "com.apple.product-type.application";
		};
		8EACE6092D8006CF008F82D8 /* xcode_issueTests */ = {
			isa = PBXNativeTarget;
			buildConfigurationList = 8EACE6222D8006CF008F82D8 /* Build configuration list for PBXNativeTarget "xcode_issueTests" */;
			buildPhases = (
				0D472D54EC2FBC42FAFD8120 /* [CP] Check Pods Manifest.lock */,
				8EACE6062D8006CF008F82D8 /* Sources */,
				8EACE6072D8006CF008F82D8 /* Frameworks */,
				8EACE6082D8006CF008F82D8 /* Resources */,
			);
			buildRules = (
			);
			dependencies = (
				8EACE60C2D8006CF008F82D8 /* PBXTargetDependency */,
			);
			fileSystemSynchronizedGroups = (
				8EACE60D2D8006CF008F82D8 /* xcode_issueTests */,
			);
			name = xcode_issueTests;
			productName = xcode_issueTests;
			productReference = 8EACE60A2D8006CF008F82D8 /* xcode_issueTests.xctest */;
			productType = "com.apple.product-type.bundle.unit-test";
		};
		8EACE6132D8006CF008F82D8 /* xcode_issueUITests */ = {
			isa = PBXNativeTarget;
			buildConfigurationList = 8EACE6252D8006CF008F82D8 /* Build configuration list for PBXNativeTarget "xcode_issueUITests" */;
			buildPhases = (
				C7E8EC97FD8CEFAF057C3C53 /* [CP] Check Pods Manifest.lock */,
				8EACE6102D8006CF008F82D8 /* Sources */,
				8EACE6112D8006CF008F82D8 /* Frameworks */,
				8EACE6122D8006CF008F82D8 /* Resources */,
				5617658B4CC0A5832A9B3C5D /* [CP] Embed Pods Frameworks */,
				7ABEE856C2C8DF04993F40BE /* [CP] Copy Pods Resources */,
			);
			buildRules = (
			);
			dependencies = (
				8EACE6162D8006CF008F82D8 /* PBXTargetDependency */,
			);
			fileSystemSynchronizedGroups = (
				8EACE6172D8006CF008F82D8 /* xcode_issueUITests */,
			);
			name = xcode_issueUITests;
			productName = xcode_issueUITests;
			productReference = 8EACE6142D8006CF008F82D8 /* xcode_issueUITests.xctest */;
			productType = "com.apple.product-type.bundle.ui-testing";
		};
/* End PBXNativeTarget section */

/* Begin PBXProject section */
		8EACE5EC2D8006CD008F82D8 /* Project object */ = {
			isa = PBXProject;
			attributes = {
				BuildIndependentTargetsInParallel = 1;
				LastSwiftUpdateCheck = 1620;
				LastUpgradeCheck = 1620;
				TargetAttributes = {
					8EACE5F32D8006CD008F82D8 = {
						CreatedOnToolsVersion = 16.2;
					};
					8EACE6092D8006CF008F82D8 = {
						CreatedOnToolsVersion = 16.2;
						TestTargetID = 8EACE5F32D8006CD008F82D8;
					};
					8EACE6132D8006CF008F82D8 = {
						CreatedOnToolsVersion = 16.2;
						TestTargetID = 8EACE5F32D8006CD008F82D8;
					};
				};
			};
			buildConfigurationList = 8EACE5EF2D8006CD008F82D8 /* Build configuration list for PBXProject "xcode_issue" */;
			developmentRegion = en;
			hasScannedForEncodings = 0;
			knownRegions = (
				en,
				Base,
			);
			mainGroup = 8EACE5EB2D8006CD008F82D8;
			minimizedProjectReferenceProxies = 1;
			packageReferences = (
				8EACE6572D8008CE008F82D8 /* XCRemoteSwiftPackageReference "Reusable" */,
			);
			preferredProjectObjectVersion = 77;
			productRefGroup = 8EACE5F52D8006CD008F82D8 /* Products */;
			projectDirPath = "";
			projectRoot = "";
			targets = (
				8EACE5F32D8006CD008F82D8 /* xcode_issue */,
				8EACE6092D8006CF008F82D8 /* xcode_issueTests */,
				8EACE6132D8006CF008F82D8 /* xcode_issueUITests */,
			);
		};
/* End PBXProject section */

/* Begin PBXResourcesBuildPhase section */
		8EACE5F22D8006CD008F82D8 /* Resources */ = {
			isa = PBXResourcesBuildPhase;
			buildActionMask = 2147483647;
			files = (
			);
			runOnlyForDeploymentPostprocessing = 0;
		};
		8EACE6082D8006CF008F82D8 /* Resources */ = {
			isa = PBXResourcesBuildPhase;
			buildActionMask = 2147483647;
			files = (
			);
			runOnlyForDeploymentPostprocessing = 0;
		};
		8EACE6122D8006CF008F82D8 /* Resources */ = {
			isa = PBXResourcesBuildPhase;
			buildActionMask = 2147483647;
			files = (
			);
			runOnlyForDeploymentPostprocessing = 0;
		};
/* End PBXResourcesBuildPhase section */

/* Begin PBXShellScriptBuildPhase section */
		0D472D54EC2FBC42FAFD8120 /* [CP] Check Pods Manifest.lock */ = {
			isa = PBXShellScriptBuildPhase;
			buildActionMask = 2147483647;
			files = (
			);
			inputFileListPaths = (
			);
			inputPaths = (
				"${PODS_PODFILE_DIR_PATH}/Podfile.lock",
				"${PODS_ROOT}/Manifest.lock",
			);
			name = "[CP] Check Pods Manifest.lock";
			outputFileListPaths = (
			);
			outputPaths = (
				"$(DERIVED_FILE_DIR)/Pods-xcode_issueTests-checkManifestLockResult.txt",
			);
			runOnlyForDeploymentPostprocessing = 0;
			shellPath = /bin/sh;
			shellScript = "diff \"${PODS_PODFILE_DIR_PATH}/Podfile.lock\" \"${PODS_ROOT}/Manifest.lock\" > /dev/null\nif [ $? != 0 ] ; then\n    # print error to STDERR\n    echo \"error: The sandbox is not in sync with the Podfile.lock. Run 'pod install' or update your CocoaPods installation.\" >&2\n    exit 1\nfi\n# This output is used by Xcode 'outputs' to avoid re-running this script phase.\necho \"SUCCESS\" > \"${SCRIPT_OUTPUT_FILE_0}\"\n";
			showEnvVarsInLog = 0;
		};
		279EC6221A99E4454AFF9F29 /* [CP] Embed Pods Frameworks */ = {
			isa = PBXShellScriptBuildPhase;
			buildActionMask = 2147483647;
			files = (
			);
			inputFileListPaths = (
				"${PODS_ROOT}/Target Support Files/Pods-xcode_issue/Pods-xcode_issue-frameworks-${CONFIGURATION}-input-files.xcfilelist",
			);
			name = "[CP] Embed Pods Frameworks";
			outputFileListPaths = (
				"${PODS_ROOT}/Target Support Files/Pods-xcode_issue/Pods-xcode_issue-frameworks-${CONFIGURATION}-output-files.xcfilelist",
			);
			runOnlyForDeploymentPostprocessing = 0;
			shellPath = /bin/sh;
			shellScript = "\"${PODS_ROOT}/Target Support Files/Pods-xcode_issue/Pods-xcode_issue-frameworks.sh\"\n";
			showEnvVarsInLog = 0;
		};
		5617658B4CC0A5832A9B3C5D /* [CP] Embed Pods Frameworks */ = {
			isa = PBXShellScriptBuildPhase;
			buildActionMask = 2147483647;
			files = (
			);
			inputFileListPaths = (
				"${PODS_ROOT}/Target Support Files/Pods-xcode_issue-xcode_issueUITests/Pods-xcode_issue-xcode_issueUITests-frameworks-${CONFIGURATION}-input-files.xcfilelist",
			);
			name = "[CP] Embed Pods Frameworks";
			outputFileListPaths = (
				"${PODS_ROOT}/Target Support Files/Pods-xcode_issue-xcode_issueUITests/Pods-xcode_issue-xcode_issueUITests-frameworks-${CONFIGURATION}-output-files.xcfilelist",
			);
			runOnlyForDeploymentPostprocessing = 0;
			shellPath = /bin/sh;
			shellScript = "\"${PODS_ROOT}/Target Support Files/Pods-xcode_issue-xcode_issueUITests/Pods-xcode_issue-xcode_issueUITests-frameworks.sh\"\n";
			showEnvVarsInLog = 0;
		};
		701EF3ACD7D8388E9CD0ACBF /* [CP] Check Pods Manifest.lock */ = {
			isa = PBXShellScriptBuildPhase;
			buildActionMask = 2147483647;
			files = (
			);
			inputFileListPaths = (
			);
			inputPaths = (
				"${PODS_PODFILE_DIR_PATH}/Podfile.lock",
				"${PODS_ROOT}/Manifest.lock",
			);
			name = "[CP] Check Pods Manifest.lock";
			outputFileListPaths = (
			);
			outputPaths = (
				"$(DERIVED_FILE_DIR)/Pods-xcode_issue-checkManifestLockResult.txt",
			);
			runOnlyForDeploymentPostprocessing = 0;
			shellPath = /bin/sh;
			shellScript = "diff \"${PODS_PODFILE_DIR_PATH}/Podfile.lock\" \"${PODS_ROOT}/Manifest.lock\" > /dev/null\nif [ $? != 0 ] ; then\n    # print error to STDERR\n    echo \"error: The sandbox is not in sync with the Podfile.lock. Run 'pod install' or update your CocoaPods installation.\" >&2\n    exit 1\nfi\n# This output is used by Xcode 'outputs' to avoid re-running this script phase.\necho \"SUCCESS\" > \"${SCRIPT_OUTPUT_FILE_0}\"\n";
			showEnvVarsInLog = 0;
		};
		7ABEE856C2C8DF04993F40BE /* [CP] Copy Pods Resources */ = {
			isa = PBXShellScriptBuildPhase;
			buildActionMask = 2147483647;
			files = (
			);
			inputFileListPaths = (
				"${PODS_ROOT}/Target Support Files/Pods-xcode_issue-xcode_issueUITests/Pods-xcode_issue-xcode_issueUITests-resources-${CONFIGURATION}-input-files.xcfilelist",
			);
			name = "[CP] Copy Pods Resources";
			outputFileListPaths = (
				"${PODS_ROOT}/Target Support Files/Pods-xcode_issue-xcode_issueUITests/Pods-xcode_issue-xcode_issueUITests-resources-${CONFIGURATION}-output-files.xcfilelist",
			);
			runOnlyForDeploymentPostprocessing = 0;
			shellPath = /bin/sh;
			shellScript = "\"${PODS_ROOT}/Target Support Files/Pods-xcode_issue-xcode_issueUITests/Pods-xcode_issue-xcode_issueUITests-resources.sh\"\n";
			showEnvVarsInLog = 0;
		};
		BA24F5F90578C9F43C958304 /* [CP] Copy Pods Resources */ = {
			isa = PBXShellScriptBuildPhase;
			buildActionMask = 2147483647;
			files = (
			);
			inputFileListPaths = (
				"${PODS_ROOT}/Target Support Files/Pods-xcode_issue/Pods-xcode_issue-resources-${CONFIGURATION}-input-files.xcfilelist",
			);
			name = "[CP] Copy Pods Resources";
			outputFileListPaths = (
				"${PODS_ROOT}/Target Support Files/Pods-xcode_issue/Pods-xcode_issue-resources-${CONFIGURATION}-output-files.xcfilelist",
			);
			runOnlyForDeploymentPostprocessing = 0;
			shellPath = /bin/sh;
			shellScript = "\"${PODS_ROOT}/Target Support Files/Pods-xcode_issue/Pods-xcode_issue-resources.sh\"\n";
			showEnvVarsInLog = 0;
		};
		C7E8EC97FD8CEFAF057C3C53 /* [CP] Check Pods Manifest.lock */ = {
			isa = PBXShellScriptBuildPhase;
			buildActionMask = 2147483647;
			files = (
			);
			inputFileListPaths = (
			);
			inputPaths = (
				"${PODS_PODFILE_DIR_PATH}/Podfile.lock",
				"${PODS_ROOT}/Manifest.lock",
			);
			name = "[CP] Check Pods Manifest.lock";
			outputFileListPaths = (
			);
			outputPaths = (
				"$(DERIVED_FILE_DIR)/Pods-xcode_issue-xcode_issueUITests-checkManifestLockResult.txt",
			);
			runOnlyForDeploymentPostprocessing = 0;
			shellPath = /bin/sh;
			shellScript = "diff \"${PODS_PODFILE_DIR_PATH}/Podfile.lock\" \"${PODS_ROOT}/Manifest.lock\" > /dev/null\nif [ $? != 0 ] ; then\n    # print error to STDERR\n    echo \"error: The sandbox is not in sync with the Podfile.lock. Run 'pod install' or update your CocoaPods installation.\" >&2\n    exit 1\nfi\n# This output is used by Xcode 'outputs' to avoid re-running this script phase.\necho \"SUCCESS\" > \"${SCRIPT_OUTPUT_FILE_0}\"\n";
			showEnvVarsInLog = 0;
		};
/* End PBXShellScriptBuildPhase section */

/* Begin PBXSourcesBuildPhase section */
		8EACE5F02D8006CD008F82D8 /* Sources */ = {
			isa = PBXSourcesBuildPhase;
			buildActionMask = 2147483647;
			files = (
			);
			runOnlyForDeploymentPostprocessing = 0;
		};
		8EACE6062D8006CF008F82D8 /* Sources */ = {
			isa = PBXSourcesBuildPhase;
			buildActionMask = 2147483647;
			files = (
			);
			runOnlyForDeploymentPostprocessing = 0;
		};
		8EACE6102D8006CF008F82D8 /* Sources */ = {
			isa = PBXSourcesBuildPhase;
			buildActionMask = 2147483647;
			files = (
			);
			runOnlyForDeploymentPostprocessing = 0;
		};
/* End PBXSourcesBuildPhase section */

/* Begin PBXTargetDependency section */
		8EACE60C2D8006CF008F82D8 /* PBXTargetDependency */ = {
			isa = PBXTargetDependency;
			target = 8EACE5F32D8006CD008F82D8 /* xcode_issue */;
			targetProxy = 8EACE60B2D8006CF008F82D8 /* PBXContainerItemProxy */;
		};
		8EACE6162D8006CF008F82D8 /* PBXTargetDependency */ = {
			isa = PBXTargetDependency;
			target = 8EACE5F32D8006CD008F82D8 /* xcode_issue */;
			targetProxy = 8EACE6152D8006CF008F82D8 /* PBXContainerItemProxy */;
		};
/* End PBXTargetDependency section */

/* Begin XCBuildConfiguration section */
		8EACE61E2D8006CF008F82D8 /* Debug */ = {
			isa = XCBuildConfiguration;
			baseConfigurationReference = D812A4D1EE2E132457F6F37C /* Pods-xcode_issue.debug.xcconfig */;
			buildSettings = {
				ASSETCATALOG_COMPILER_APPICON_NAME = AppIcon;
				ASSETCATALOG_COMPILER_GLOBAL_ACCENT_COLOR_NAME = AccentColor;
				CODE_SIGN_STYLE = Automatic;
				CURRENT_PROJECT_VERSION = 1;
				DEVELOPMENT_TEAM = MSHB594PWA;
				ENABLE_USER_SCRIPT_SANDBOXING = NO;
				GENERATE_INFOPLIST_FILE = YES;
				INFOPLIST_FILE = xcode_issue/Info.plist;
				INFOPLIST_KEY_UIApplicationSupportsIndirectInputEvents = YES;
				INFOPLIST_KEY_UILaunchStoryboardName = LaunchScreen;
				INFOPLIST_KEY_UIMainStoryboardFile = Main;
				INFOPLIST_KEY_UISupportedInterfaceOrientations_iPad = "UIInterfaceOrientationPortrait UIInterfaceOrientationPortraitUpsideDown UIInterfaceOrientationLandscapeLeft UIInterfaceOrientationLandscapeRight";
				INFOPLIST_KEY_UISupportedInterfaceOrientations_iPhone = "UIInterfaceOrientationPortrait UIInterfaceOrientationLandscapeLeft UIInterfaceOrientationLandscapeRight";
				IPHONEOS_DEPLOYMENT_TARGET = 15.0;
				LD_RUNPATH_SEARCH_PATHS = (
					"$(inherited)",
					"@executable_path/Frameworks",
				);
				MARKETING_VERSION = 0.1;
				PRODUCT_BUNDLE_IDENTIFIER = "com.pazko.xcodeissue.xcode-issue";
				PRODUCT_NAME = "$(TARGET_NAME)";
				SWIFT_EMIT_LOC_STRINGS = YES;
				SWIFT_VERSION = 5.0;
				TARGETED_DEVICE_FAMILY = "1,2";
			};
			name = Debug;
		};
		8EACE61F2D8006CF008F82D8 /* Release */ = {
			isa = XCBuildConfiguration;
			baseConfigurationReference = 6F797045585BB94CA80F4080 /* Pods-xcode_issue.release.xcconfig */;
			buildSettings = {
				ASSETCATALOG_COMPILER_APPICON_NAME = AppIcon;
				ASSETCATALOG_COMPILER_GLOBAL_ACCENT_COLOR_NAME = AccentColor;
				CODE_SIGN_STYLE = Automatic;
				CURRENT_PROJECT_VERSION = 1;
				DEVELOPMENT_TEAM = MSHB594PWA;
				ENABLE_USER_SCRIPT_SANDBOXING = NO;
				GENERATE_INFOPLIST_FILE = YES;
				INFOPLIST_FILE = xcode_issue/Info.plist;
				INFOPLIST_KEY_UIApplicationSupportsIndirectInputEvents = YES;
				INFOPLIST_KEY_UILaunchStoryboardName = LaunchScreen;
				INFOPLIST_KEY_UIMainStoryboardFile = Main;
				INFOPLIST_KEY_UISupportedInterfaceOrientations_iPad = "UIInterfaceOrientationPortrait UIInterfaceOrientationPortraitUpsideDown UIInterfaceOrientationLandscapeLeft UIInterfaceOrientationLandscapeRight";
				INFOPLIST_KEY_UISupportedInterfaceOrientations_iPhone = "UIInterfaceOrientationPortrait UIInterfaceOrientationLandscapeLeft UIInterfaceOrientationLandscapeRight";
				IPHONEOS_DEPLOYMENT_TARGET = 15.0;
				LD_RUNPATH_SEARCH_PATHS = (
					"$(inherited)",
					"@executable_path/Frameworks",
				);
				MARKETING_VERSION = 0.1;
				PRODUCT_BUNDLE_IDENTIFIER = "com.pazko.xcodeissue.xcode-issue";
				PRODUCT_NAME = "$(TARGET_NAME)";
				SWIFT_EMIT_LOC_STRINGS = YES;
				SWIFT_VERSION = 5.0;
				TARGETED_DEVICE_FAMILY = "1,2";
			};
			name = Release;
		};
		8EACE6202D8006CF008F82D8 /* Debug */ = {
			isa = XCBuildConfiguration;
			buildSettings = {
				ALWAYS_SEARCH_USER_PATHS = NO;
				ASSETCATALOG_COMPILER_GENERATE_SWIFT_ASSET_SYMBOL_EXTENSIONS = YES;
				CLANG_ANALYZER_NONNULL = YES;
				CLANG_ANALYZER_NUMBER_OBJECT_CONVERSION = YES_AGGRESSIVE;
				CLANG_CXX_LANGUAGE_STANDARD = "gnu++20";
				CLANG_ENABLE_MODULES = YES;
				CLANG_ENABLE_OBJC_ARC = YES;
				CLANG_ENABLE_OBJC_WEAK = YES;
				CLANG_WARN_BLOCK_CAPTURE_AUTORELEASING = YES;
				CLANG_WARN_BOOL_CONVERSION = YES;
				CLANG_WARN_COMMA = YES;
				CLANG_WARN_CONSTANT_CONVERSION = YES;
				CLANG_WARN_DEPRECATED_OBJC_IMPLEMENTATIONS = YES;
				CLANG_WARN_DIRECT_OBJC_ISA_USAGE = YES_ERROR;
				CLANG_WARN_DOCUMENTATION_COMMENTS = YES;
				CLANG_WARN_EMPTY_BODY = YES;
				CLANG_WARN_ENUM_CONVERSION = YES;
				CLANG_WARN_INFINITE_RECURSION = YES;
				CLANG_WARN_INT_CONVERSION = YES;
				CLANG_WARN_NON_LITERAL_NULL_CONVERSION = YES;
				CLANG_WARN_OBJC_IMPLICIT_RETAIN_SELF = YES;
				CLANG_WARN_OBJC_LITERAL_CONVERSION = YES;
				CLANG_WARN_OBJC_ROOT_CLASS = YES_ERROR;
				CLANG_WARN_QUOTED_INCLUDE_IN_FRAMEWORK_HEADER = YES;
				CLANG_WARN_RANGE_LOOP_ANALYSIS = YES;
				CLANG_WARN_STRICT_PROTOTYPES = YES;
				CLANG_WARN_SUSPICIOUS_MOVE = YES;
				CLANG_WARN_UNGUARDED_AVAILABILITY = YES_AGGRESSIVE;
				CLANG_WARN_UNREACHABLE_CODE = YES;
				CLANG_WARN__DUPLICATE_METHOD_MATCH = YES;
				COPY_PHASE_STRIP = NO;
				DEBUG_INFORMATION_FORMAT = dwarf;
				ENABLE_STRICT_OBJC_MSGSEND = YES;
				ENABLE_TESTABILITY = YES;
				ENABLE_USER_SCRIPT_SANDBOXING = YES;
				GCC_C_LANGUAGE_STANDARD = gnu17;
				GCC_DYNAMIC_NO_PIC = NO;
				GCC_NO_COMMON_BLOCKS = YES;
				GCC_OPTIMIZATION_LEVEL = 0;
				GCC_PREPROCESSOR_DEFINITIONS = (
					"DEBUG=1",
					"$(inherited)",
				);
				GCC_WARN_64_TO_32_BIT_CONVERSION = YES;
				GCC_WARN_ABOUT_RETURN_TYPE = YES_ERROR;
				GCC_WARN_UNDECLARED_SELECTOR = YES;
				GCC_WARN_UNINITIALIZED_AUTOS = YES_AGGRESSIVE;
				GCC_WARN_UNUSED_FUNCTION = YES;
				GCC_WARN_UNUSED_VARIABLE = YES;
				IPHONEOS_DEPLOYMENT_TARGET = 18.2;
				LOCALIZATION_PREFERS_STRING_CATALOGS = YES;
				MTL_ENABLE_DEBUG_INFO = INCLUDE_SOURCE;
				MTL_FAST_MATH = YES;
				ONLY_ACTIVE_ARCH = YES;
				SDKROOT = iphoneos;
				SWIFT_ACTIVE_COMPILATION_CONDITIONS = "DEBUG $(inherited)";
				SWIFT_OPTIMIZATION_LEVEL = "-Onone";
			};
			name = Debug;
		};
		8EACE6212D8006CF008F82D8 /* Release */ = {
			isa = XCBuildConfiguration;
			buildSettings = {
				ALWAYS_SEARCH_USER_PATHS = NO;
				ASSETCATALOG_COMPILER_GENERATE_SWIFT_ASSET_SYMBOL_EXTENSIONS = YES;
				CLANG_ANALYZER_NONNULL = YES;
				CLANG_ANALYZER_NUMBER_OBJECT_CONVERSION = YES_AGGRESSIVE;
				CLANG_CXX_LANGUAGE_STANDARD = "gnu++20";
				CLANG_ENABLE_MODULES = YES;
				CLANG_ENABLE_OBJC_ARC = YES;
				CLANG_ENABLE_OBJC_WEAK = YES;
				CLANG_WARN_BLOCK_CAPTURE_AUTORELEASING = YES;
				CLANG_WARN_BOOL_CONVERSION = YES;
				CLANG_WARN_COMMA = YES;
				CLANG_WARN_CONSTANT_CONVERSION = YES;
				CLANG_WARN_DEPRECATED_OBJC_IMPLEMENTATIONS = YES;
				CLANG_WARN_DIRECT_OBJC_ISA_USAGE = YES_ERROR;
				CLANG_WARN_DOCUMENTATION_COMMENTS = YES;
				CLANG_WARN_EMPTY_BODY = YES;
				CLANG_WARN_ENUM_CONVERSION = YES;
				CLANG_WARN_INFINITE_RECURSION = YES;
				CLANG_WARN_INT_CONVERSION = YES;
				CLANG_WARN_NON_LITERAL_NULL_CONVERSION = YES;
				CLANG_WARN_OBJC_IMPLICIT_RETAIN_SELF = YES;
				CLANG_WARN_OBJC_LITERAL_CONVERSION = YES;
				CLANG_WARN_OBJC_ROOT_CLASS = YES_ERROR;
				CLANG_WARN_QUOTED_INCLUDE_IN_FRAMEWORK_HEADER = YES;
				CLANG_WARN_RANGE_LOOP_ANALYSIS = YES;
				CLANG_WARN_STRICT_PROTOTYPES = YES;
				CLANG_WARN_SUSPICIOUS_MOVE = YES;
				CLANG_WARN_UNGUARDED_AVAILABILITY = YES_AGGRESSIVE;
				CLANG_WARN_UNREACHABLE_CODE = YES;
				CLANG_WARN__DUPLICATE_METHOD_MATCH = YES;
				COPY_PHASE_STRIP = NO;
				DEBUG_INFORMATION_FORMAT = "dwarf-with-dsym";
				ENABLE_NS_ASSERTIONS = NO;
				ENABLE_STRICT_OBJC_MSGSEND = YES;
				ENABLE_USER_SCRIPT_SANDBOXING = YES;
				GCC_C_LANGUAGE_STANDARD = gnu17;
				GCC_NO_COMMON_BLOCKS = YES;
				GCC_WARN_64_TO_32_BIT_CONVERSION = YES;
				GCC_WARN_ABOUT_RETURN_TYPE = YES_ERROR;
				GCC_WARN_UNDECLARED_SELECTOR = YES;
				GCC_WARN_UNINITIALIZED_AUTOS = YES_AGGRESSIVE;
				GCC_WARN_UNUSED_FUNCTION = YES;
				GCC_WARN_UNUSED_VARIABLE = YES;
				IPHONEOS_DEPLOYMENT_TARGET = 18.2;
				LOCALIZATION_PREFERS_STRING_CATALOGS = YES;
				MTL_ENABLE_DEBUG_INFO = NO;
				MTL_FAST_MATH = YES;
				SDKROOT = iphoneos;
				SWIFT_COMPILATION_MODE = wholemodule;
				VALIDATE_PRODUCT = YES;
			};
			name = Release;
		};
		8EACE6232D8006CF008F82D8 /* Debug */ = {
			isa = XCBuildConfiguration;
			baseConfigurationReference = F6F9BCEF3E7EC28198647A13 /* Pods-xcode_issueTests.debug.xcconfig */;
			buildSettings = {
				BUNDLE_LOADER = "$(TEST_HOST)";
				CODE_SIGN_STYLE = Automatic;
				CURRENT_PROJECT_VERSION = 1;
				DEVELOPMENT_TEAM = MSHB594PWA;
				GENERATE_INFOPLIST_FILE = YES;
				IPHONEOS_DEPLOYMENT_TARGET = 18.2;
				MARKETING_VERSION = 1.0;
				PRODUCT_BUNDLE_IDENTIFIER = "com.pazko.xcodeissue.xcode-issueTests";
				PRODUCT_NAME = "$(TARGET_NAME)";
				SWIFT_EMIT_LOC_STRINGS = NO;
				SWIFT_VERSION = 5.0;
				TARGETED_DEVICE_FAMILY = "1,2";
				TEST_HOST = "$(BUILT_PRODUCTS_DIR)/xcode_issue.app/$(BUNDLE_EXECUTABLE_FOLDER_PATH)/xcode_issue";
			};
			name = Debug;
		};
		8EACE6242D8006CF008F82D8 /* Release */ = {
			isa = XCBuildConfiguration;
			baseConfigurationReference = A8FB407D7407302F8F7ADE95 /* Pods-xcode_issueTests.release.xcconfig */;
			buildSettings = {
				BUNDLE_LOADER = "$(TEST_HOST)";
				CODE_SIGN_STYLE = Automatic;
				CURRENT_PROJECT_VERSION = 1;
				DEVELOPMENT_TEAM = MSHB594PWA;
				GENERATE_INFOPLIST_FILE = YES;
				IPHONEOS_DEPLOYMENT_TARGET = 18.2;
				MARKETING_VERSION = 1.0;
				PRODUCT_BUNDLE_IDENTIFIER = "com.pazko.xcodeissue.xcode-issueTests";
				PRODUCT_NAME = "$(TARGET_NAME)";
				SWIFT_EMIT_LOC_STRINGS = NO;
				SWIFT_VERSION = 5.0;
				TARGETED_DEVICE_FAMILY = "1,2";
				TEST_HOST = "$(BUILT_PRODUCTS_DIR)/xcode_issue.app/$(BUNDLE_EXECUTABLE_FOLDER_PATH)/xcode_issue";
			};
			name = Release;
		};
		8EACE6262D8006CF008F82D8 /* Debug */ = {
			isa = XCBuildConfiguration;
			baseConfigurationReference = F5B5375B504AD865C17C74FD /* Pods-xcode_issue-xcode_issueUITests.debug.xcconfig */;
			buildSettings = {
				CODE_SIGN_STYLE = Automatic;
				CURRENT_PROJECT_VERSION = 1;
				DEVELOPMENT_TEAM = MSHB594PWA;
				GENERATE_INFOPLIST_FILE = YES;
				MARKETING_VERSION = 1.0;
				PRODUCT_BUNDLE_IDENTIFIER = "com.pazko.xcodeissue.xcode-issueUITests";
				PRODUCT_NAME = "$(TARGET_NAME)";
				SWIFT_EMIT_LOC_STRINGS = NO;
				SWIFT_VERSION = 5.0;
				TARGETED_DEVICE_FAMILY = "1,2";
				TEST_TARGET_NAME = xcode_issue;
			};
			name = Debug;
		};
		8EACE6272D8006CF008F82D8 /* Release */ = {
			isa = XCBuildConfiguration;
			baseConfigurationReference = 73632A2C989D239867EE6609 /* Pods-xcode_issue-xcode_issueUITests.release.xcconfig */;
			buildSettings = {
				CODE_SIGN_STYLE = Automatic;
				CURRENT_PROJECT_VERSION = 1;
				DEVELOPMENT_TEAM = MSHB594PWA;
				GENERATE_INFOPLIST_FILE = YES;
				MARKETING_VERSION = 1.0;
				PRODUCT_BUNDLE_IDENTIFIER = "com.pazko.xcodeissue.xcode-issueUITests";
				PRODUCT_NAME = "$(TARGET_NAME)";
				SWIFT_EMIT_LOC_STRINGS = NO;
				SWIFT_VERSION = 5.0;
				TARGETED_DEVICE_FAMILY = "1,2";
				TEST_TARGET_NAME = xcode_issue;
			};
			name = Release;
		};
/* End XCBuildConfiguration section */

/* Begin XCConfigurationList section */
		8EACE5EF2D8006CD008F82D8 /* Build configuration list for PBXProject "xcode_issue" */ = {
			isa = XCConfigurationList;
			buildConfigurations = (
				8EACE6202D8006CF008F82D8 /* Debug */,
				8EACE6212D8006CF008F82D8 /* Release */,
			);
			defaultConfigurationIsVisible = 0;
			defaultConfigurationName = Release;
		};
		8EACE61D2D8006CF008F82D8 /* Build configuration list for PBXNativeTarget "xcode_issue" */ = {
			isa = XCConfigurationList;
			buildConfigurations = (
				8EACE61E2D8006CF008F82D8 /* Debug */,
				8EACE61F2D8006CF008F82D8 /* Release */,
			);
			defaultConfigurationIsVisible = 0;
			defaultConfigurationName = Release;
		};
		8EACE6222D8006CF008F82D8 /* Build configuration list for PBXNativeTarget "xcode_issueTests" */ = {
			isa = XCConfigurationList;
			buildConfigurations = (
				8EACE6232D8006CF008F82D8 /* Debug */,
				8EACE6242D8006CF008F82D8 /* Release */,
			);
			defaultConfigurationIsVisible = 0;
			defaultConfigurationName = Release;
		};
		8EACE6252D8006CF008F82D8 /* Build configuration list for PBXNativeTarget "xcode_issueUITests" */ = {
			isa = XCConfigurationList;
			buildConfigurations = (
				8EACE6262D8006CF008F82D8 /* Debug */,
				8EACE6272D8006CF008F82D8 /* Release */,
			);
			defaultConfigurationIsVisible = 0;
			defaultConfigurationName = Release;
		};
/* End XCConfigurationList section */

/* Begin XCRemoteSwiftPackageReference section */
		8EACE6572D8008CE008F82D8 /* XCRemoteSwiftPackageReference "Reusable" */ = {
			isa = XCRemoteSwiftPackageReference;
			repositoryURL = "https://github.com/AliSoftware/Reusable";
			requirement = {
				kind = upToNextMajorVersion;
				minimumVersion = 4.1.2;
			};
		};
/* End XCRemoteSwiftPackageReference section */

/* Begin XCSwiftPackageProductDependency section */
		8EACE6582D8008CE008F82D8 /* Reusable */ = {
			isa = XCSwiftPackageProductDependency;
			package = 8EACE6572D8008CE008F82D8 /* XCRemoteSwiftPackageReference "Reusable" */;
			productName = Reusable;
		};
/* End XCSwiftPackageProductDependency section */
	};
	rootObject = 8EACE5EC2D8006CD008F82D8 /* Project object */;
}
